
Microsoft Visual Studio Solution File, Format Version 12.00
# Visual Studio Version 17
VisualStudioVersion = 17.4.33110.190
MinimumVisualStudioVersion = 10.0.40219.1
Project("{9A19103F-16F7-4668-BE54-9A1E7A4F7556}") = "WebAPI", "WebAPI.csproj", "{F4C84794-995A-4535-99AB-9C903A55B081}"
EndProject
Global
	GlobalSection(SolutionConfigurationPlatforms) = preSolution
		Debug|Any CPU = Debug|Any CPU
		Release|Any CPU = Release|Any CPU
	EndGlobalSection
	GlobalSection(ProjectConfigurationPlatforms) = postSolution
		{F4C84794-995A-4535-99AB-9C903A55B081}.Debug|Any CPU.ActiveCfg = Debug|Any CPU
		{F4C84794-995A-4535-99AB-9C903A55B081}.Debug|Any CPU.Build.0 = Debug|Any CPU
		{F4C84794-995A-4535-99AB-9C903A55B081}.Release|Any CPU.ActiveCfg = Release|Any CPU
		{F4C84794-995A-4535-99AB-9C903A55B081}.Release|Any CPU.Build.0 = Release|Any CPU
	EndGlobalSection
	GlobalSection(SolutionProperties) = preSolution
		HideSolutionNode = FALSE
	EndGlobalSection
	GlobalSection(ExtensibilityGlobals) = postSolution
		SolutionGuid = {5BD3B562-1742-4BD1-921A-C66AEA37AB7F}
	EndGlobalSection
EndGlobal
